// !$*UTF8*$!
{
	archiveVersion = 1;
	classes = {
	};
	objectVersion = 46;
	objects = {

/* Begin PBXBuildFile section */
		750FE7561EFA502C007C342C /* AppDelegate.swift in Sources */ = {isa = PBXBuildFile; fileRef = 750FE7551EFA502C007C342C /* AppDelegate.swift */; };
		750FE7581EFA502C007C342C /* ViewController.swift in Sources */ = {isa = PBXBuildFile; fileRef = 750FE7571EFA502C007C342C /* ViewController.swift */; };
		750FE75B1EFA502C007C342C /* Main.storyboard in Resources */ = {isa = PBXBuildFile; fileRef = 750FE7591EFA502C007C342C /* Main.storyboard */; };
		750FE75D1EFA502C007C342C /* Assets.xcassets in Resources */ = {isa = PBXBuildFile; fileRef = 750FE75C1EFA502C007C342C /* Assets.xcassets */; };
		750FE7601EFA502C007C342C /* LaunchScreen.storyboard in Resources */ = {isa = PBXBuildFile; fileRef = 750FE75E1EFA502C007C342C /* LaunchScreen.storyboard */; };
		750FE76B1EFA502C007C342C /* The_Pointless_CompetitionTests.swift in Sources */ = {isa = PBXBuildFile; fileRef = 750FE76A1EFA502C007C342C /* The_Pointless_CompetitionTests.swift */; };
		750FE7761EFA502C007C342C /* The_Pointless_CompetitionUITests.swift in Sources */ = {isa = PBXBuildFile; fileRef = 750FE7751EFA502C007C342C /* The_Pointless_CompetitionUITests.swift */; };
		750FE7881EFA6FD6007C342C /* ScoreBoardTVC.swift in Sources */ = {isa = PBXBuildFile; fileRef = 750FE7871EFA6FD6007C342C /* ScoreBoardTVC.swift */; };
/* End PBXBuildFile section */

/* Begin PBXContainerItemProxy section */
		750FE7671EFA502C007C342C /* PBXContainerItemProxy */ = {
			isa = PBXContainerItemProxy;
			containerPortal = 750FE74A1EFA502C007C342C /* Project object */;
			proxyType = 1;
			remoteGlobalIDString = 750FE7511EFA502C007C342C;
			remoteInfo = "The Pointless Competition";
		};
		750FE7721EFA502C007C342C /* PBXContainerItemProxy */ = {
			isa = PBXContainerItemProxy;
			containerPortal = 750FE74A1EFA502C007C342C /* Project object */;
			proxyType = 1;
			remoteGlobalIDString = 750FE7511EFA502C007C342C;
			remoteInfo = "The Pointless Competition";
		};
/* End PBXContainerItemProxy section */

/* Begin PBXFileReference section */
		750FE7521EFA502C007C342C /* The Pointless Competition.app */ = {isa = PBXFileReference; explicitFileType = wrapper.application; includeInIndex = 0; path = "The Pointless Competition.app"; sourceTree = BUILT_PRODUCTS_DIR; };
		750FE7551EFA502C007C342C /* AppDelegate.swift */ = {isa = PBXFileReference; lastKnownFileType = sourcecode.swift; path = AppDelegate.swift; sourceTree = "<group>"; };
		750FE7571EFA502C007C342C /* ViewController.swift */ = {isa = PBXFileReference; lastKnownFileType = sourcecode.swift; path = ViewController.swift; sourceTree = "<group>"; };
		750FE75A1EFA502C007C342C /* Base */ = {isa = PBXFileReference; lastKnownFileType = file.storyboard; name = Base; path = Base.lproj/Main.storyboard; sourceTree = "<group>"; };
		750FE75C1EFA502C007C342C /* Assets.xcassets */ = {isa = PBXFileReference; lastKnownFileType = folder.assetcatalog; path = Assets.xcassets; sourceTree = "<group>"; };
		750FE75F1EFA502C007C342C /* Base */ = {isa = PBXFileReference; lastKnownFileType = file.storyboard; name = Base; path = Base.lproj/LaunchScreen.storyboard; sourceTree = "<group>"; };
		750FE7611EFA502C007C342C /* Info.plist */ = {isa = PBXFileReference; lastKnownFileType = text.plist.xml; path = Info.plist; sourceTree = "<group>"; };
		750FE7661EFA502C007C342C /* The Pointless CompetitionTests.xctest */ = {isa = PBXFileReference; explicitFileType = wrapper.cfbundle; includeInIndex = 0; path = "The Pointless CompetitionTests.xctest"; sourceTree = BUILT_PRODUCTS_DIR; };
		750FE76A1EFA502C007C342C /* The_Pointless_CompetitionTests.swift */ = {isa = PBXFileReference; lastKnownFileType = sourcecode.swift; path = The_Pointless_CompetitionTests.swift; sourceTree = "<group>"; };
		750FE76C1EFA502C007C342C /* Info.plist */ = {isa = PBXFileReference; lastKnownFileType = text.plist.xml; path = Info.plist; sourceTree = "<group>"; };
		750FE7711EFA502C007C342C /* The Pointless CompetitionUITests.xctest */ = {isa = PBXFileReference; explicitFileType = wrapper.cfbundle; includeInIndex = 0; path = "The Pointless CompetitionUITests.xctest"; sourceTree = BUILT_PRODUCTS_DIR; };
		750FE7751EFA502C007C342C /* The_Pointless_CompetitionUITests.swift */ = {isa = PBXFileReference; lastKnownFileType = sourcecode.swift; path = The_Pointless_CompetitionUITests.swift; sourceTree = "<group>"; };
		750FE7771EFA502C007C342C /* Info.plist */ = {isa = PBXFileReference; lastKnownFileType = text.plist.xml; path = Info.plist; sourceTree = "<group>"; };
		750FE7871EFA6FD6007C342C /* ScoreBoardTVC.swift */ = {isa = PBXFileReference; fileEncoding = 4; lastKnownFileType = sourcecode.swift; name = ScoreBoardTVC.swift; path = ../ScoreBoardTVC.swift; sourceTree = "<group>"; };
/* End PBXFileReference section */

/* Begin PBXFrameworksBuildPhase section */
		750FE74F1EFA502C007C342C /* Frameworks */ = {
			isa = PBXFrameworksBuildPhase;
			buildActionMask = 2147483647;
			files = (
			);
			runOnlyForDeploymentPostprocessing = 0;
		};
		750FE7631EFA502C007C342C /* Frameworks */ = {
			isa = PBXFrameworksBuildPhase;
			buildActionMask = 2147483647;
			files = (
			);
			runOnlyForDeploymentPostprocessing = 0;
		};
		750FE76E1EFA502C007C342C /* Frameworks */ = {
			isa = PBXFrameworksBuildPhase;
			buildActionMask = 2147483647;
			files = (
			);
			runOnlyForDeploymentPostprocessing = 0;
		};
/* End PBXFrameworksBuildPhase section */

/* Begin PBXGroup section */
		750FE7491EFA502C007C342C = {
			isa = PBXGroup;
			children = (
				750FE7541EFA502C007C342C /* The Pointless Competition */,
				750FE7691EFA502C007C342C /* The Pointless CompetitionTests */,
				750FE7741EFA502C007C342C /* The Pointless CompetitionUITests */,
				750FE7531EFA502C007C342C /* Products */,
			);
			sourceTree = "<group>";
		};
		750FE7531EFA502C007C342C /* Products */ = {
			isa = PBXGroup;
			children = (
				750FE7521EFA502C007C342C /* The Pointless Competition.app */,
				750FE7661EFA502C007C342C /* The Pointless CompetitionTests.xctest */,
				750FE7711EFA502C007C342C /* The Pointless CompetitionUITests.xctest */,
			);
			name = Products;
			sourceTree = "<group>";
		};
		750FE7541EFA502C007C342C /* The Pointless Competition */ = {
			isa = PBXGroup;
			children = (
				750FE7551EFA502C007C342C /* AppDelegate.swift */,
				750FE7871EFA6FD6007C342C /* ScoreBoardTVC.swift */,
				750FE7571EFA502C007C342C /* ViewController.swift */,
				750FE7591EFA502C007C342C /* Main.storyboard */,
				750FE75C1EFA502C007C342C /* Assets.xcassets */,
				750FE75E1EFA502C007C342C /* LaunchScreen.storyboard */,
				750FE7611EFA502C007C342C /* Info.plist */,
			);
			path = "The Pointless Competition";
			sourceTree = "<group>";
		};
		750FE7691EFA502C007C342C /* The Pointless CompetitionTests */ = {
			isa = PBXGroup;
			children = (
				750FE76A1EFA502C007C342C /* The_Pointless_CompetitionTests.swift */,
				750FE76C1EFA502C007C342C /* Info.plist */,
			);
			path = "The Pointless CompetitionTests";
			sourceTree = "<group>";
		};
		750FE7741EFA502C007C342C /* The Pointless CompetitionUITests */ = {
			isa = PBXGroup;
			children = (
				750FE7751EFA502C007C342C /* The_Pointless_CompetitionUITests.swift */,
				750FE7771EFA502C007C342C /* Info.plist */,
			);
			path = "The Pointless CompetitionUITests";
			sourceTree = "<group>";
		};
/* End PBXGroup section */

/* Begin PBXNativeTarget section */
		750FE7511EFA502C007C342C /* The Pointless Competition */ = {
			isa = PBXNativeTarget;
			buildConfigurationList = 750FE77A1EFA502C007C342C /* Build configuration list for PBXNativeTarget "The Pointless Competition" */;
			buildPhases = (
				750FE74E1EFA502C007C342C /* Sources */,
				750FE74F1EFA502C007C342C /* Frameworks */,
				750FE7501EFA502C007C342C /* Resources */,
			);
			buildRules = (
			);
			dependencies = (
			);
			name = "The Pointless Competition";
			productName = "The Pointless Competition";
			productReference = 750FE7521EFA502C007C342C /* The Pointless Competition.app */;
			productType = "com.apple.product-type.application";
		};
		750FE7651EFA502C007C342C /* The Pointless CompetitionTests */ = {
			isa = PBXNativeTarget;
			buildConfigurationList = 750FE77D1EFA502C007C342C /* Build configuration list for PBXNativeTarget "The Pointless CompetitionTests" */;
			buildPhases = (
				750FE7621EFA502C007C342C /* Sources */,
				750FE7631EFA502C007C342C /* Frameworks */,
				750FE7641EFA502C007C342C /* Resources */,
			);
			buildRules = (
			);
			dependencies = (
				750FE7681EFA502C007C342C /* PBXTargetDependency */,
			);
			name = "The Pointless CompetitionTests";
			productName = "The Pointless CompetitionTests";
			productReference = 750FE7661EFA502C007C342C /* The Pointless CompetitionTests.xctest */;
			productType = "com.apple.product-type.bundle.unit-test";
		};
		750FE7701EFA502C007C342C /* The Pointless CompetitionUITests */ = {
			isa = PBXNativeTarget;
			buildConfigurationList = 750FE7801EFA502C007C342C /* Build configuration list for PBXNativeTarget "The Pointless CompetitionUITests" */;
			buildPhases = (
				750FE76D1EFA502C007C342C /* Sources */,
				750FE76E1EFA502C007C342C /* Frameworks */,
				750FE76F1EFA502C007C342C /* Resources */,
			);
			buildRules = (
			);
			dependencies = (
				750FE7731EFA502C007C342C /* PBXTargetDependency */,
			);
			name = "The Pointless CompetitionUITests";
			productName = "The Pointless CompetitionUITests";
			productReference = 750FE7711EFA502C007C342C /* The Pointless CompetitionUITests.xctest */;
			productType = "com.apple.product-type.bundle.ui-testing";
		};
/* End PBXNativeTarget section */

/* Begin PBXProject section */
		750FE74A1EFA502C007C342C /* Project object */ = {
			isa = PBXProject;
			attributes = {
				LastSwiftUpdateCheck = 0830;
				LastUpgradeCheck = 0830;
				ORGANIZATIONNAME = "Scott Lydon";
				TargetAttributes = {
					750FE7511EFA502C007C342C = {
						CreatedOnToolsVersion = 8.3.3;
						DevelopmentTeam = 8L7Z3WU967;
						ProvisioningStyle = Automatic;
					};
					750FE7651EFA502C007C342C = {
						CreatedOnToolsVersion = 8.3.3;
						DevelopmentTeam = 8L7Z3WU967;
						ProvisioningStyle = Automatic;
						TestTargetID = 750FE7511EFA502C007C342C;
					};
					750FE7701EFA502C007C342C = {
						CreatedOnToolsVersion = 8.3.3;
						DevelopmentTeam = 8L7Z3WU967;
						ProvisioningStyle = Automatic;
						TestTargetID = 750FE7511EFA502C007C342C;
					};
				};
			};
			buildConfigurationList = 750FE74D1EFA502C007C342C /* Build configuration list for PBXProject "The Pointless Competition" */;
			compatibilityVersion = "Xcode 3.2";
			developmentRegion = English;
			hasScannedForEncodings = 0;
			knownRegions = (
				en,
				Base,
			);
			mainGroup = 750FE7491EFA502C007C342C;
			productRefGroup = 750FE7531EFA502C007C342C /* Products */;
			projectDirPath = "";
			projectRoot = "";
			targets = (
				750FE7511EFA502C007C342C /* The Pointless Competition */,
				750FE7651EFA502C007C342C /* The Pointless CompetitionTests */,
				750FE7701EFA502C007C342C /* The Pointless CompetitionUITests */,
			);
		};
/* End PBXProject section */

/* Begin PBXResourcesBuildPhase section */
		750FE7501EFA502C007C342C /* Resources */ = {
			isa = PBXResourcesBuildPhase;
			buildActionMask = 2147483647;
			files = (
				750FE7601EFA502C007C342C /* LaunchScreen.storyboard in Resources */,
				750FE75D1EFA502C007C342C /* Assets.xcassets in Resources */,
				750FE75B1EFA502C007C342C /* Main.storyboard in Resources */,
			);
			runOnlyForDeploymentPostprocessing = 0;
		};
		750FE7641EFA502C007C342C /* Resources */ = {
			isa = PBXResourcesBuildPhase;
			buildActionMask = 2147483647;
			files = (
			);
			runOnlyForDeploymentPostprocessing = 0;
		};
		750FE76F1EFA502C007C342C /* Resources */ = {
			isa = PBXResourcesBuildPhase;
			buildActionMask = 2147483647;
			files = (
			);
			runOnlyForDeploymentPostprocessing = 0;
		};
/* End PBXResourcesBuildPhase section */

/* Begin PBXSourcesBuildPhase section */
		750FE74E1EFA502C007C342C /* Sources */ = {
			isa = PBXSourcesBuildPhase;
			buildActionMask = 2147483647;
			files = (
				750FE7581EFA502C007C342C /* ViewController.swift in Sources */,
				750FE7561EFA502C007C342C /* AppDelegate.swift in Sources */,
				750FE7881EFA6FD6007C342C /* ScoreBoardTVC.swift in Sources */,
			);
			runOnlyForDeploymentPostprocessing = 0;
		};
		750FE7621EFA502C007C342C /* Sources */ = {
			isa = PBXSourcesBuildPhase;
			buildActionMask = 2147483647;
			files = (
				750FE76B1EFA502C007C342C /* The_Pointless_CompetitionTests.swift in Sources */,
			);
			runOnlyForDeploymentPostprocessing = 0;
		};
		750FE76D1EFA502C007C342C /* Sources */ = {
			isa = PBXSourcesBuildPhase;
			buildActionMask = 2147483647;
			files = (
				750FE7761EFA502C007C342C /* The_Pointless_CompetitionUITests.swift in Sources */,
			);
			runOnlyForDeploymentPostprocessing = 0;
		};
/* End PBXSourcesBuildPhase section */

/* Begin PBXTargetDependency section */
		750FE7681EFA502C007C342C /* PBXTargetDependency */ = {
			isa = PBXTargetDependency;
			target = 750FE7511EFA502C007C342C /* The Pointless Competition */;
			targetProxy = 750FE7671EFA502C007C342C /* PBXContainerItemProxy */;
		};
		750FE7731EFA502C007C342C /* PBXTargetDependency */ = {
			isa = PBXTargetDependency;
			target = 750FE7511EFA502C007C342C /* The Pointless Competition */;
			targetProxy = 750FE7721EFA502C007C342C /* PBXContainerItemProxy */;
		};
/* End PBXTargetDependency section */

/* Begin PBXVariantGroup section */
		750FE7591EFA502C007C342C /* Main.storyboard */ = {
			isa = PBXVariantGroup;
			children = (
				750FE75A1EFA502C007C342C /* Base */,
			);
			name = Main.storyboard;
			sourceTree = "<group>";
		};
		750FE75E1EFA502C007C342C /* LaunchScreen.storyboard */ = {
			isa = PBXVariantGroup;
			children = (
				750FE75F1EFA502C007C342C /* Base */,
			);
			name = LaunchScreen.storyboard;
			sourceTree = "<group>";
		};
/* End PBXVariantGroup section */

/* Begin XCBuildConfiguration section */
		750FE7781EFA502C007C342C /* Debug */ = {
			isa = XCBuildConfiguration;
			buildSettings = {
				ALWAYS_SEARCH_USER_PATHS = NO;
				CLANG_ANALYZER_NONNULL = YES;
				CLANG_ANALYZER_NUMBER_OBJECT_CONVERSION = YES_AGGRESSIVE;
				CLANG_CXX_LANGUAGE_STANDARD = "gnu++0x";
				CLANG_CXX_LIBRARY = "libc++";
				CLANG_ENABLE_MODULES = YES;
				CLANG_ENABLE_OBJC_ARC = YES;
				CLANG_WARN_BOOL_CONVERSION = YES;
				CLANG_WARN_CONSTANT_CONVERSION = YES;
				CLANG_WARN_DIRECT_OBJC_ISA_USAGE = YES_ERROR;
				CLANG_WARN_DOCUMENTATION_COMMENTS = YES;
				CLANG_WARN_EMPTY_BODY = YES;
				CLANG_WARN_ENUM_CONVERSION = YES;
				CLANG_WARN_INFINITE_RECURSION = YES;
				CLANG_WARN_INT_CONVERSION = YES;
				CLANG_WARN_OBJC_ROOT_CLASS = YES_ERROR;
				CLANG_WARN_SUSPICIOUS_MOVE = YES;
				CLANG_WARN_UNREACHABLE_CODE = YES;
				CLANG_WARN__DUPLICATE_METHOD_MATCH = YES;
				"CODE_SIGN_IDENTITY[sdk=iphoneos*]" = "iPhone Developer";
				COPY_PHASE_STRIP = NO;
				DEBUG_INFORMATION_FORMAT = dwarf;
				ENABLE_STRICT_OBJC_MSGSEND = YES;
				ENABLE_TESTABILITY = YES;
				GCC_C_LANGUAGE_STANDARD = gnu99;
				GCC_DYNAMIC_NO_PIC = NO;
				GCC_NO_COMMON_BLOCKS = YES;
				GCC_OPTIMIZATION_LEVEL = 0;
				GCC_PREPROCESSOR_DEFINITIONS = (
					"DEBUG=1",
					"$(inherited)",
				);
				GCC_WARN_64_TO_32_BIT_CONVERSION = YES;
				GCC_WARN_ABOUT_RETURN_TYPE = YES_ERROR;
				GCC_WARN_UNDECLARED_SELECTOR = YES;
				GCC_WARN_UNINITIALIZED_AUTOS = YES_AGGRESSIVE;
				GCC_WARN_UNUSED_FUNCTION = YES;
				GCC_WARN_UNUSED_VARIABLE = YES;
				IPHONEOS_DEPLOYMENT_TARGET = 10.3;
				MTL_ENABLE_DEBUG_INFO = YES;
				ONLY_ACTIVE_ARCH = YES;
				SDKROOT = iphoneos;
				SWIFT_ACTIVE_COMPILATION_CONDITIONS = DEBUG;
				SWIFT_OPTIMIZATION_LEVEL = "-Onone";
				TARGETED_DEVICE_FAMILY = "1,2";
			};
			name = Debug;
		};
		750FE7791EFA502C007C342C /* Release */ = {
			isa = XCBuildConfiguration;
			buildSettings = {
				ALWAYS_SEARCH_USER_PATHS = NO;
				CLANG_ANALYZER_NONNULL = YES;
				CLANG_ANALYZER_NUMBER_OBJECT_CONVERSION = YES_AGGRESSIVE;
				CLANG_CXX_LANGUAGE_STANDARD = "gnu++0x";
				CLANG_CXX_LIBRARY = "libc++";
				CLANG_ENABLE_MODULES = YES;
				CLANG_ENABLE_OBJC_ARC = YES;
				CLANG_WARN_BOOL_CONVERSION = YES;
				CLANG_WARN_CONSTANT_CONVERSION = YES;
				CLANG_WARN_DIRECT_OBJC_ISA_USAGE = YES_ERROR;
				CLANG_WARN_DOCUMENTATION_COMMENTS = YES;
				CLANG_WARN_EMPTY_BODY = YES;
				CLANG_WARN_ENUM_CONVERSION = YES;
				CLANG_WARN_INFINITE_RECURSION = YES;
				CLANG_WARN_INT_CONVERSION = YES;
				CLANG_WARN_OBJC_ROOT_CLASS = YES_ERROR;
				CLANG_WARN_SUSPICIOUS_MOVE = YES;
				CLANG_WARN_UNREACHABLE_CODE = YES;
				CLANG_WARN__DUPLICATE_METHOD_MATCH = YES;
				"CODE_SIGN_IDENTITY[sdk=iphoneos*]" = "iPhone Developer";
				COPY_PHASE_STRIP = NO;
				DEBUG_INFORMATION_FORMAT = "dwarf-with-dsym";
				ENABLE_NS_ASSERTIONS = NO;
				ENABLE_STRICT_OBJC_MSGSEND = YES;
				GCC_C_LANGUAGE_STANDARD = gnu99;
				GCC_NO_COMMON_BLOCKS = YES;
				GCC_WARN_64_TO_32_BIT_CONVERSION = YES;
				GCC_WARN_ABOUT_RETURN_TYPE = YES_ERROR;
				GCC_WARN_UNDECLARED_SELECTOR = YES;
				GCC_WARN_UNINITIALIZED_AUTOS = YES_AGGRESSIVE;
				GCC_WARN_UNUSED_FUNCTION = YES;
				GCC_WARN_UNUSED_VARIABLE = YES;
				IPHONEOS_DEPLOYMENT_TARGET = 10.3;
				MTL_ENABLE_DEBUG_INFO = NO;
				SDKROOT = iphoneos;
				SWIFT_OPTIMIZATION_LEVEL = "-Owholemodule";
				TARGETED_DEVICE_FAMILY = "1,2";
				VALIDATE_PRODUCT = YES;
			};
			name = Release;
		};
		750FE77B1EFA502C007C342C /* Debug */ = {
			isa = XCBuildConfiguration;
			buildSettings = {
				ASSETCATALOG_COMPILER_APPICON_NAME = AppIcon;
				DEVELOPMENT_TEAM = 8L7Z3WU967;
				FRAMEWORK_SEARCH_PATHS = (
					"$(inherited)",
					"$(PROJECT_DIR)/The\\ Pointless\\ Competition",
					"$(PROJECT_DIR)/The\\ Pointless\\ Competition",
					"$(PROJECT_DIR)/The\\ Pointless\\ Competition",
					"$(PROJECT_DIR)/The\\ Pointless\\ Competition",
				);
				INFOPLIST_FILE = "The Pointless Competition/Info.plist";
				LD_RUNPATH_SEARCH_PATHS = "$(inherited) @executable_path/Frameworks";
				PRODUCT_BUNDLE_IDENTIFIER = "com.ScottAndTy.The-Pointless-Competition";
				PRODUCT_NAME = "$(TARGET_NAME)";
				SWIFT_VERSION = 3.0;
			};
			name = Debug;
		};
		750FE77C1EFA502C007C342C /* Release */ = {
			isa = XCBuildConfiguration;
			buildSettings = {
				ASSETCATALOG_COMPILER_APPICON_NAME = AppIcon;
				DEVELOPMENT_TEAM = 8L7Z3WU967;
				FRAMEWORK_SEARCH_PATHS = (
					"$(inherited)",
					"$(PROJECT_DIR)/The\\ Pointless\\ Competition",
					"$(PROJECT_DIR)/The\\ Pointless\\ Competition",
					"$(PROJECT_DIR)/The\\ Pointless\\ Competition",
					"$(PROJECT_DIR)/The\\ Pointless\\ Competition",
				);
				INFOPLIST_FILE = "The Pointless Competition/Info.plist";
				LD_RUNPATH_SEARCH_PATHS = "$(inherited) @executable_path/Frameworks";
				PRODUCT_BUNDLE_IDENTIFIER = "com.ScottAndTy.The-Pointless-Competition";
				PRODUCT_NAME = "$(TARGET_NAME)";
				SWIFT_VERSION = 3.0;
			};
			name = Release;
		};
		750FE77E1EFA502C007C342C /* Debug */ = {
			isa = XCBuildConfiguration;
			buildSettings = {
				ALWAYS_EMBED_SWIFT_STANDARD_LIBRARIES = YES;
				BUNDLE_LOADER = "$(TEST_HOST)";
				DEVELOPMENT_TEAM = 8L7Z3WU967;
				INFOPLIST_FILE = "The Pointless CompetitionTests/Info.plist";
				LD_RUNPATH_SEARCH_PATHS = "$(inherited) @executable_path/Frameworks @loader_path/Frameworks";
				PRODUCT_BUNDLE_IDENTIFIER = "com.ScottAndTy.The-Pointless-CompetitionTests";
				PRODUCT_NAME = "$(TARGET_NAME)";
				SWIFT_VERSION = 3.0;
				TEST_HOST = "$(BUILT_PRODUCTS_DIR)/The Pointless Competition.app/The Pointless Competition";
			};
			name = Debug;
		};
		750FE77F1EFA502C007C342C /* Release */ = {
			isa = XCBuildConfiguration;
			buildSettings = {
				ALWAYS_EMBED_SWIFT_STANDARD_LIBRARIES = YES;
				BUNDLE_LOADER = "$(TEST_HOST)";
				DEVELOPMENT_TEAM = 8L7Z3WU967;
				INFOPLIST_FILE = "The Pointless CompetitionTests/Info.plist";
				LD_RUNPATH_SEARCH_PATHS = "$(inherited) @executable_path/Frameworks @loader_path/Frameworks";
				PRODUCT_BUNDLE_IDENTIFIER = "com.ScottAndTy.The-Pointless-CompetitionTests";
				PRODUCT_NAME = "$(TARGET_NAME)";
				SWIFT_VERSION = 3.0;
				TEST_HOST = "$(BUILT_PRODUCTS_DIR)/The Pointless Competition.app/The Pointless Competition";
			};
			name = Release;
		};
		750FE7811EFA502C007C342C /* Debug */ = {
			isa = XCBuildConfiguration;
			buildSettings = {
				ALWAYS_EMBED_SWIFT_STANDARD_LIBRARIES = YES;
				DEVELOPMENT_TEAM = 8L7Z3WU967;
				INFOPLIST_FILE = "The Pointless CompetitionUITests/Info.plist";
				LD_RUNPATH_SEARCH_PATHS = "$(inherited) @executable_path/Frameworks @loader_path/Frameworks";
				PRODUCT_BUNDLE_IDENTIFIER = "com.ScottAndTy.The-Pointless-CompetitionUITests";
				PRODUCT_NAME = "$(TARGET_NAME)";
				SWIFT_VERSION = 3.0;
				TEST_TARGET_NAME = "The Pointless Competition";
			};
			name = Debug;
		};
		750FE7821EFA502C007C342C /* Release */ = {
			isa = XCBuildConfiguration;
			buildSettings = {
				ALWAYS_EMBED_SWIFT_STANDARD_LIBRARIES = YES;
				DEVELOPMENT_TEAM = 8L7Z3WU967;
				INFOPLIST_FILE = "The Pointless CompetitionUITests/Info.plist";
				LD_RUNPATH_SEARCH_PATHS = "$(inherited) @executable_path/Frameworks @loader_path/Frameworks";
				PRODUCT_BUNDLE_IDENTIFIER = "com.ScottAndTy.The-Pointless-CompetitionUITests";
				PRODUCT_NAME = "$(TARGET_NAME)";
				SWIFT_VERSION = 3.0;
				TEST_TARGET_NAME = "The Pointless Competition";
			};
			name = Release;
		};
/* End XCBuildConfiguration section */

/* Begin XCConfigurationList section */
		750FE74D1EFA502C007C342C /* Build configuration list for PBXProject "The Pointless Competition" */ = {
			isa = XCConfigurationList;
			buildConfigurations = (
				750FE7781EFA502C007C342C /* Debug */,
				750FE7791EFA502C007C342C /* Release */,
			);
			defaultConfigurationIsVisible = 0;
			defaultConfigurationName = Release;
		};
		750FE77A1EFA502C007C342C /* Build configuration list for PBXNativeTarget "The Pointless Competition" */ = {
			isa = XCConfigurationList;
			buildConfigurations = (
				750FE77B1EFA502C007C342C /* Debug */,
				750FE77C1EFA502C007C342C /* Release */,
			);
			defaultConfigurationIsVisible = 0;
			defaultConfigurationName = Release;
		};
		750FE77D1EFA502C007C342C /* Build configuration list for PBXNativeTarget "The Pointless CompetitionTests" */ = {
			isa = XCConfigurationList;
			buildConfigurations = (
				750FE77E1EFA502C007C342C /* Debug */,
				750FE77F1EFA502C007C342C /* Release */,
			);
			defaultConfigurationIsVisible = 0;
			defaultConfigurationName = Release;
		};
		750FE7801EFA502C007C342C /* Build configuration list for PBXNativeTarget "The Pointless CompetitionUITests" */ = {
			isa = XCConfigurationList;
			buildConfigurations = (
				750FE7811EFA502C007C342C /* Debug */,
				750FE7821EFA502C007C342C /* Release */,
			);
			defaultConfigurationIsVisible = 0;
			defaultConfigurationName = Release;
		};
/* End XCConfigurationList section */
	};
	rootObject = 750FE74A1EFA502C007C342C /* Project object */;
}
